{
  "lockfileVersion": 1,
  "configVersion": 1,
  "workspaces": {
    "": {
      "name": "mood-server",
      "dependencies": {
        "spacetimedb": "2.8.*",
      },
      "devDependencies": {
        "@types/bun": "latest",
        "bun": "^1.3.2",
        "typescript": "~5.6.2",
      },
    },
  },
  "packages": {
    "@oven/bun-darwin-aarch64": ["@oven/bun-darwin-aarch64@1.3.14", "", { "os": "darwin", "cpu": "arm64" }, "sha512-Omj20SuiHBOUjUBIyqtkNjSUIjOtEOJwmbix/ZyFH4BaQ6OZTaaRWIR4TjHVz0yadHgli6lLTiAh1uarnvD49A=="],

    "@oven/bun-darwin-x64": ["@oven/bun-darwin-x64@1.3.14", "", { "os": "darwin", "cpu": "x64" }, "sha512-FFj3QdU/OhlDyZOJ8CWfN5eWLpRlT4qjZg7lMQi7jA6GuoY5ajlO1zWLP/MuHYRSbXQUvV52RejNi8DVnAp13w=="],

    "@oven/bun-darwin-x64-baseline": ["@oven/bun-darwin-x64-baseline@1.3.14", "", { "os": "darwin", "cpu": "x64" }, "sha512-OSfsTZstc898HHElhU4NccaBGOSSDn5VfahiVTnidZ9B/+wb7WTyfZJaBeJcfjwJ9H2W9uTh2TGtl3UfcXgV9g=="],

    "@oven/bun-freebsd-aarch64": ["@oven/bun-freebsd-aarch64@1.3.14", "", { "os": "freebsd", "cpu": "arm64" }, "sha512-LIKrXaFxAHybVO5Pf+9XP2FHUj/5APvXTUKk9dqHm5iFz4oH+W24cmhjkJirNujh9hKeTyrpWSe3no9JZKowIw=="],

    "@oven/bun-freebsd-x64": ["@oven/bun-freebsd-x64@1.3.14", "", { "os": "freebsd", "cpu": "x64" }, "sha512-uwD+fGUH1ADpIF3B1U2jWzzb20QwRLZfj5QZ28GUCGrAJ/nTmWrD6YYGsblCY1wuhldRez3lU40AyuvSCyLYmw=="],

    "@oven/bun-linux-aarch64": ["@oven/bun-linux-aarch64@1.3.14", "", { "os": "linux", "cpu": "arm64" }, "sha512-X5SsPZHs+iYO8R/efIcRtc7gT2Q2DgPfliCxEkx4cXBumwkw0c/EsHMNwH3EgGpCDaZ7IYVPhpCG/xBOQHEwZw=="],

    "@oven/bun-linux-aarch64-android": ["@oven/bun-linux-aarch64-android@1.3.14", "", { "os": "android", "cpu": "arm64" }, "sha512-y4kq5b85lsrmFb9Xvi4w9mA5IEFJkLMrSmYn06q24KjL9rUWDWO3VFZEtteZxUN5+ec3Zm5S8OnJw1umaCbVjA=="],

    "@oven/bun-linux-aarch64-musl": ["@oven/bun-linux-aarch64-musl@1.3.14", "", { "os": "linux", "cpu": "arm64" }, "sha512-jmqOA92Cd1NL/1XBd4bFkJLxQ86K0RW7ohxS2qzzAvuitO4JiIxjjTeCspoU44zCozH72HpfZfUE2On31OjnWA=="],

    "@oven/bun-linux-x64": ["@oven/bun-linux-x64@1.3.14", "", { "os": "linux", "cpu": "x64" }, "sha512-7OVTAKvwfPmSbIV1HpdOoVVx5VRc427GuPPne93N6vk4eQBPId9nXmZDh9/zGaKPdbVjVtQSZafWQoUjx38Utw=="],

    "@oven/bun-linux-x64-android": ["@oven/bun-linux-x64-android@1.3.14", "", { "os": "android", "cpu": "x64" }, "sha512-qe9e1d+3VAEU7nAA2ol9Jvmy/o99PVMSgZhHn7Q/9O3YcDrfEqyQ8zm4zoe5qTEo8HZH0dN03Le0Ys2eQPs7eg=="],

    "@oven/bun-linux-x64-baseline": ["@oven/bun-linux-x64-baseline@1.3.14", "", { "os": "linux", "cpu": "x64" }, "sha512-q/8EdOC0yUE8FPeoOVq8/Pw5I9/tJaYmUfO/uDUAREx8IUnOJH1RJ5A3BjFqre8pvJoiZA9AovPJq5FnNNjSxA=="],

    "@oven/bun-linux-x64-musl": ["@oven/bun-linux-x64-musl@1.3.14", "", { "os": "linux", "cpu": "x64" }, "sha512-GBCB/k/sIqcr06eTNgg7g46qiUv35Jasx4XiccJ/n7RGqrE4RWUD/XJBbWFprVPjvqd59+QtSnS99XGqvftHfg=="],

    "@oven/bun-linux-x64-musl-baseline": ["@oven/bun-linux-x64-musl-baseline@1.3.14", "", { "os": "linux", "cpu": "x64" }, "sha512-n6iE71G4lQE4XkrZhQQcL5YUlxDbnq6nqV7zeQi33PMsLT/0kYE+RvHOtBWZ3w0wMdXZfINmp63hIb9ijUBGtw=="],

    "@oven/bun-windows-aarch64": ["@oven/bun-windows-aarch64@1.3.14", "", { "os": "win32", "cpu": "arm64" }, "sha512-T7s3x/BsVKQObGU6QDkZeI6wKynzqGbBH1yI77jrrj5siElclxr3DQrDIk8CV4G5/SJq2HHq4kpLyYY2DKCSmA=="],

    "@oven/bun-windows-x64": ["@oven/bun-windows-x64@1.3.14", "", { "os": "win32", "cpu": "x64" }, "sha512-mUFWL3BoYkNpjd8e9PqROiFF/1Xeotq20mABJsiQH62jM1g5zqWh4khw1RZ6bX8Q8fWvlPaxG1PjofkmjUi3vg=="],

    "@oven/bun-windows-x64-baseline": ["@oven/bun-windows-x64-baseline@1.3.14", "", { "os": "win32", "cpu": "x64" }, "sha512-uIjLUC1S9DWgICzuoMba7vurBJnBruE4S5CxnvmZkdqWVXRzx1Rgu636HoH+k0qeaQCFh3jeG3JQ1y6fRHv0sw=="],

    "@types/bun": ["@types/bun@1.3.14", "", { "dependencies": { "bun-types": "1.3.14" } }, "sha512-h1hFqFVcvAvD9j9K7ZW7vd82aSA+rTdznZa+5bwvCwqSB1jmmfLcbIWhOLx1/+boy/xmjgCs/OMUL8hRJSmnPw=="],

    "@types/node": ["@types/node@26.2.0", "", { "dependencies": { "undici-types": "~8.3.0" } }, "sha512-5IviulTZeRNp2vAJ514cc/HUlY5nZ9fCbq9DMyC52BrhFZACo3nI0R7qBxhQmo/d27NFe96ur/b7Wwxklda+kg=="],

    "base64-js": ["base64-js@1.5.1", "", {}, "sha512-AKpaYlHn8t4SVbOHCy+b5+KKgvR4vrsD8vbvrbiQJps7fKDTkjkDry6ji0rUJjC0kzbNePLwzxq8iypo41qeWA=="],

    "bun": ["bun@1.3.14", "", { "optionalDependencies": { "@oven/bun-darwin-aarch64": "1.3.14", "@oven/bun-darwin-x64": "1.3.14", "@oven/bun-darwin-x64-baseline": "1.3.14", "@oven/bun-freebsd-aarch64": "1.3.14", "@oven/bun-freebsd-x64": "1.3.14", "@oven/bun-linux-aarch64": "1.3.14", "@oven/bun-linux-aarch64-android": "1.3.14", "@oven/bun-linux-aarch64-musl": "1.3.14", "@oven/bun-linux-x64": "1.3.14", "@oven/bun-linux-x64-android": "1.3.14", "@oven/bun-linux-x64-baseline": "1.3.14", "@oven/bun-linux-x64-musl": "1.3.14", "@oven/bun-linux-x64-musl-baseline": "1.3.14", "@oven/bun-windows-aarch64": "1.3.14", "@oven/bun-windows-x64": "1.3.14", "@oven/bun-windows-x64-baseline": "1.3.14" }, "os": [ "!aix", "!sunos", "!openbsd", ], "cpu": [ "x64", "arm64", ], "bin": { "bun": "bin/bun.exe", "bunx": "bin/bunx.exe" } }, "sha512-aB6GVd42x1Y5ie1K16SF+oLGtgSkwX9hgoDdIW88pjvfTccU8F1vfpoOt34QLv0dZ1v3XimtaxPlZUG81Gx9Zg=="],

    "bun-types": ["bun-types@1.3.14", "", { "dependencies": { "@types/node": "*" } }, "sha512-4N0ig0fEomHt5R0KCFWjovxow98rIoRwKolrYdCcknNwMekCXRnWEUvgu5soYV8QXtVsrUD8B95MBOZGPvr6KQ=="],

    "headers-polyfill": ["headers-polyfill@4.0.3", "", {}, "sha512-IScLbePpkvO846sIwOtOTDjutRMWdXdJmXdMvk6gCBHxFO8d+QKOQedyZSxFTTFYRSmlgSTDtXqqq4pcenBXLQ=="],

    "object-inspect": ["object-inspect@1.13.4", "", {}, "sha512-W67iLl4J2EXEGTbfeHCffrjDfitvLANg0UlX3wFUUSTx92KXRFegMHUVgSqE+wvhAbi4WqjGg9czysTV2Epbew=="],

    "prettier": ["prettier@3.9.6", "", { "bin": { "prettier": "bin/prettier.cjs" } }, "sha512-OpN0zzVdiaiAhxpuuj5efpIS4sY9j7bY6uR5mnj5yPzGkdkjNKSJeUThPb60Jw29QuAZgA4o+/iB49kFiaBX6g=="],

    "pure-rand": ["pure-rand@7.0.1", "", {}, "sha512-oTUZM/NAZS8p7ANR3SHh30kXB+zK2r2BPcEn/awJIbOvq82WoMN4p62AWWp3Hhw50G0xMsw1mhIBLqHw64EcNQ=="],

    "safe-stable-stringify": ["safe-stable-stringify@2.5.0", "", {}, "sha512-b3rppTKm9T+PsVCBEOUR46GWI7fdOs00VKZ1+9c1EWDaDMvjQc6tUwuFyIprgGgTcWoVHSKrU8H31ZHA2e0RHA=="],

    "spacetimedb": ["spacetimedb@2.8.0", "", { "dependencies": { "base64-js": "^1.5.1", "headers-polyfill": "^4.0.3", "object-inspect": "^1.13.4", "prettier": "^3.3.3", "pure-rand": "^7.0.1", "safe-stable-stringify": "^2.5.0", "statuses": "^2.0.2", "url-polyfill": "^1.1.14" }, "peerDependencies": { "@angular/core": ">=17.0.0", "@tanstack/react-query": "^5.0.0", "react": "^18.0.0 || ^19.0.0-0 || ^19.0.0", "solid-js": "^1.6.0", "svelte": "^4.0.0 || ^5.0.0", "undici": "^6.19.2", "vue": "^3.3.0" }, "optionalPeers": ["@angular/core", "@tanstack/react-query", "react", "solid-js", "svelte", "undici", "vue"] }, "sha512-6qIqbeGyCp89TweBcLWVs+4UPhkxzQud1+js+fJXza8PBuHJLZlsW7mBANwIbVSV69Ez7edPXBo6eJorRZADQw=="],

    "statuses": ["statuses@2.0.2", "", {}, "sha512-DvEy55V3DB7uknRo+4iOGT5fP1slR8wQohVdknigZPMpMstaKJQWhwiYBACJE3Ul2pTnATihhBYnRhZQHGBiRw=="],

    "typescript": ["typescript@5.6.3", "", { "bin": { "tsc": "bin/tsc", "tsserver": "bin/tsserver" } }, "sha512-hjcS1mhfuyi4WW8IWtjP7brDrG2cuDZukyrYrSauoXGNgx0S7zceP07adYkJycEr56BOUTNPzbInooiN3fn1qw=="],

    "undici-types": ["undici-types@8.3.0", "", {}, "sha512-j375ScV60dom+YkPFIfTLcOiPxkN/buHz5GobjLhixFuANaNs3C9l4GmrWqejgXWJ7BbJcFYpTEUkS1Ge8bpZQ=="],

    "url-polyfill": ["url-polyfill@1.1.14", "", {}, "sha512-p4f3TTAG6ADVF3mwbXw7hGw+QJyw5CnNGvYh5fCuQQZIiuKUswqcznyV3pGDP9j0TSmC4UvRKm8kl1QsX1diiQ=="],
  }
}
